
Microsoft Visual Studio Solution File, Format Version 12.00
# Visual Studio Version 17
VisualStudioVersion = 17.5.33424.131
MinimumVisualStudioVersion = 10.0.40219.1
Project("{8BC9CEB8-8B4A-11D0-8D11-00A0C91BC942}") = "IoFile", "IoFile.vcxproj", "{C9A2D328-4F85-4425-805B-0EDD1FDED783}"
EndProject
Project("{8BC9CEB8-8B4A-11D0-8D11-00A0C91BC942}") = "IoFileWithPath", "..\IoFileWithPath\IoFileWithPath.vcxproj", "{1C308334-14BC-4F9C-A904-88C2BC4F0BA2}"
EndProject
Project("{8BC9CEB8-8B4A-11D0-8D11-00A0C91BC942}") = "ManualException", "..\ManualException\ManualException.vcxproj", "{5E9659D8-B3CE-4C0E-B4E9-25AF5E6D3DC2}"
EndProject
Global
	GlobalSection(SolutionConfigurationPlatforms) = preSolution
		Debug|x64 = Debug|x64
		Debug|x86 = Debug|x86
		Release|x64 = Release|x64
		Release|x86 = Release|x86
	EndGlobalSection
	GlobalSection(ProjectConfigurationPlatforms) = postSolution
		{C9A2D328-4F85-4425-805B-0EDD1FDED783}.Debug|x64.ActiveCfg = Debug|x64
		{C9A2D328-4F85-4425-805B-0EDD1FDED783}.Debug|x64.Build.0 = Debug|x64
		{C9A2D328-4F85-4425-805B-0EDD1FDED783}.Debug|x86.ActiveCfg = Debug|Win32
		{C9A2D328-4F85-4425-805B-0EDD1FDED783}.Debug|x86.Build.0 = Debug|Win32
		{C9A2D328-4F85-4425-805B-0EDD1FDED783}.Release|x64.ActiveCfg = Release|x64
		{C9A2D328-4F85-4425-805B-0EDD1FDED783}.Release|x64.Build.0 = Release|x64
		{C9A2D328-4F85-4425-805B-0EDD1FDED783}.Release|x86.ActiveCfg = Release|Win32
		{C9A2D328-4F85-4425-805B-0EDD1FDED783}.Release|x86.Build.0 = Release|Win32
		{1C308334-14BC-4F9C-A904-88C2BC4F0BA2}.Debug|x64.ActiveCfg = Debug|x64
		{1C308334-14BC-4F9C-A904-88C2BC4F0BA2}.Debug|x64.Build.0 = Debug|x64
		{1C308334-14BC-4F9C-A904-88C2BC4F0BA2}.Debug|x86.ActiveCfg = Debug|Win32
		{1C308334-14BC-4F9C-A904-88C2BC4F0BA2}.Debug|x86.Build.0 = Debug|Win32
		{1C308334-14BC-4F9C-A904-88C2BC4F0BA2}.Release|x64.ActiveCfg = Release|x64
		{1C308334-14BC-4F9C-A904-88C2BC4F0BA2}.Release|x64.Build.0 = Release|x64
		{1C308334-14BC-4F9C-A904-88C2BC4F0BA2}.Release|x86.ActiveCfg = Release|Win32
		{1C308334-14BC-4F9C-A904-88C2BC4F0BA2}.Release|x86.Build.0 = Release|Win32
		{5E9659D8-B3CE-4C0E-B4E9-25AF5E6D3DC2}.Debug|x64.ActiveCfg = Debug|x64
		{5E9659D8-B3CE-4C0E-B4E9-25AF5E6D3DC2}.Debug|x64.Build.0 = Debug|x64
		{5E9659D8-B3CE-4C0E-B4E9-25AF5E6D3DC2}.Debug|x86.ActiveCfg = Debug|Win32
		{5E9659D8-B3CE-4C0E-B4E9-25AF5E6D3DC2}.Debug|x86.Build.0 = Debug|Win32
		{5E9659D8-B3CE-4C0E-B4E9-25AF5E6D3DC2}.Release|x64.ActiveCfg = Release|x64
		{5E9659D8-B3CE-4C0E-B4E9-25AF5E6D3DC2}.Release|x64.Build.0 = Release|x64
		{5E9659D8-B3CE-4C0E-B4E9-25AF5E6D3DC2}.Release|x86.ActiveCfg = Release|Win32
		{5E9659D8-B3CE-4C0E-B4E9-25AF5E6D3DC2}.Release|x86.Build.0 = Release|Win32
	EndGlobalSection
	GlobalSection(SolutionProperties) = preSolution
		HideSolutionNode = FALSE
	EndGlobalSection
	GlobalSection(ExtensibilityGlobals) = postSolution
		SolutionGuid = {40676216-8EBB-4CDA-9873-069B473A247C}
	EndGlobalSection
EndGlobal
